
Microsoft Visual Studio Solution File, Format Version 11.00
# Visual Studio 2010
Project("{8BC9CEB8-8B4A-11D0-8D11-00A0C91BC942}") = "Refactoring_1", "Refactoring_1\Refactoring_1.vcxproj", "{B6B1E4A5-C20F-4BC9-86D0-DAE5EC0F2954}"
EndProject
Project("{8BC9CEB8-8B4A-11D0-8D11-00A0C91BC942}") = "ProcLib", "ProcLib\ProcLib.vcxproj", "{E118509D-F5AD-4C30-A448-CB7EFC1D0EF3}"
EndProject
Global
	GlobalSection(SolutionConfigurationPlatforms) = preSolution
		Debug|Win32 = Debug|Win32
		Release|Win32 = Release|Win32
	EndGlobalSection
	GlobalSection(ProjectConfigurationPlatforms) = postSolution
		{B6B1E4A5-C20F-4BC9-86D0-DAE5EC0F2954}.Debug|Win32.ActiveCfg = Debug|Win32
		{B6B1E4A5-C20F-4BC9-86D0-DAE5EC0F2954}.Debug|Win32.Build.0 = Debug|Win32
		{B6B1E4A5-C20F-4BC9-86D0-DAE5EC0F2954}.Release|Win32.ActiveCfg = Release|Win32
		{B6B1E4A5-C20F-4BC9-86D0-DAE5EC0F2954}.Release|Win32.Build.0 = Release|Win32
		{E118509D-F5AD-4C30-A448-CB7EFC1D0EF3}.Debug|Win32.ActiveCfg = Debug|Win32
		{E118509D-F5AD-4C30-A448-CB7EFC1D0EF3}.Debug|Win32.Build.0 = Debug|Win32
		{E118509D-F5AD-4C30-A448-CB7EFC1D0EF3}.Release|Win32.ActiveCfg = Release|Win32
		{E118509D-F5AD-4C30-A448-CB7EFC1D0EF3}.Release|Win32.Build.0 = Release|Win32
	EndGlobalSection
	GlobalSection(SolutionProperties) = preSolution
		HideSolutionNode = FALSE
	EndGlobalSection
EndGlobal
